
Microsoft Visual Studio Solution File, Format Version 12.00
# Visual Studio Version 17
VisualStudioVersion = 17.0.31903.59
MinimumVisualStudioVersion = 10.0.40219.1
Project("{FAE04EC0-301F-11D3-BF4B-00C04F79EFBC}") = "Asistencia.Shared", "Asistencia.Shared\Asistencia.Shared.csproj", "{23806412-B507-4E42-98C7-DD17C721BB8C}"
EndProject
Project("{FAE04EC0-301F-11D3-BF4B-00C04F79EFBC}") = "Asistencia.Application", "Asistencia.Application\Asistencia.Application.csproj", "{64E59FDB-2BF5-43DE-A4FD-D1AB2E4196D6}"
EndProject
Project("{FAE04EC0-301F-11D3-BF4B-00C04F79EFBC}") = "Asistencia.Infrastructure", "Asistencia.Infrastructure\Asistencia.Infrastructure.csproj", "{8577649D-F91E-475B-B549-98E0D3ADAB40}"
EndProject
Project("{FAE04EC0-301F-11D3-BF4B-00C04F79EFBC}") = "Asistencia.Api", "Asistencia.Api\Asistencia.Api.csproj", "{0849EC30-A5B6-48FA-A1B3-339228C521D2}"
EndProject
Project("{FAE04EC0-301F-11D3-BF4B-00C04F79EFBC}") = "Asistencia.Web", "Asistencia.Web\Asistencia.Web.csproj", "{42F3C1C1-FECE-454C-8335-D69EB993DC91}"
EndProject
Project("{FAE04EC0-301F-11D3-BF4B-00C04F79EFBC}") = "Asistencia.Mobile", "Asistencia.Mobile\Asistencia.Mobile.csproj", "{7A5AE990-6CAD-4D40-8B20-DFFBC0ABEFE6}"
EndProject
Global
	GlobalSection(SolutionConfigurationPlatforms) = preSolution
		Debug|Any CPU = Debug|Any CPU
		Debug|x64 = Debug|x64
		Debug|x86 = Debug|x86
		Release|Any CPU = Release|Any CPU
		Release|x64 = Release|x64
		Release|x86 = Release|x86
	EndGlobalSection
	GlobalSection(ProjectConfigurationPlatforms) = postSolution
		{23806412-B507-4E42-98C7-DD17C721BB8C}.Debug|Any CPU.ActiveCfg = Debug|Any CPU
		{23806412-B507-4E42-98C7-DD17C721BB8C}.Debug|Any CPU.Build.0 = Debug|Any CPU
		{23806412-B507-4E42-98C7-DD17C721BB8C}.Debug|x64.ActiveCfg = Debug|Any CPU
		{23806412-B507-4E42-98C7-DD17C721BB8C}.Debug|x64.Build.0 = Debug|Any CPU
		{23806412-B507-4E42-98C7-DD17C721BB8C}.Debug|x86.ActiveCfg = Debug|Any CPU
		{23806412-B507-4E42-98C7-DD17C721BB8C}.Debug|x86.Build.0 = Debug|Any CPU
		{23806412-B507-4E42-98C7-DD17C721BB8C}.Release|Any CPU.ActiveCfg = Release|Any CPU
		{23806412-B507-4E42-98C7-DD17C721BB8C}.Release|Any CPU.Build.0 = Release|Any CPU
		{23806412-B507-4E42-98C7-DD17C721BB8C}.Release|x64.ActiveCfg = Release|Any CPU
		{23806412-B507-4E42-98C7-DD17C721BB8C}.Release|x64.Build.0 = Release|Any CPU
		{23806412-B507-4E42-98C7-DD17C721BB8C}.Release|x86.ActiveCfg = Release|Any CPU
		{23806412-B507-4E42-98C7-DD17C721BB8C}.Release|x86.Build.0 = Release|Any CPU
		{64E59FDB-2BF5-43DE-A4FD-D1AB2E4196D6}.Debug|Any CPU.ActiveCfg = Debug|Any CPU
		{64E59FDB-2BF5-43DE-A4FD-D1AB2E4196D6}.Debug|Any CPU.Build.0 = Debug|Any CPU
		{64E59FDB-2BF5-43DE-A4FD-D1AB2E4196D6}.Debug|x64.ActiveCfg = Debug|Any CPU
		{64E59FDB-2BF5-43DE-A4FD-D1AB2E4196D6}.Debug|x64.Build.0 = Debug|Any CPU
		{64E59FDB-2BF5-43DE-A4FD-D1AB2E4196D6}.Debug|x86.ActiveCfg = Debug|Any CPU
		{64E59FDB-2BF5-43DE-A4FD-D1AB2E4196D6}.Debug|x86.Build.0 = Debug|Any CPU
		{64E59FDB-2BF5-43DE-A4FD-D1AB2E4196D6}.Release|Any CPU.ActiveCfg = Release|Any CPU
		{64E59FDB-2BF5-43DE-A4FD-D1AB2E4196D6}.Release|Any CPU.Build.0 = Release|Any CPU
		{64E59FDB-2BF5-43DE-A4FD-D1AB2E4196D6}.Release|x64.ActiveCfg = Release|Any CPU
		{64E59FDB-2BF5-43DE-A4FD-D1AB2E4196D6}.Release|x64.Build.0 = Release|Any CPU
		{64E59FDB-2BF5-43DE-A4FD-D1AB2E4196D6}.Release|x86.ActiveCfg = Release|Any CPU
		{64E59FDB-2BF5-43DE-A4FD-D1AB2E4196D6}.Release|x86.Build.0 = Release|Any CPU
		{8577649D-F91E-475B-B549-98E0D3ADAB40}.Debug|Any CPU.ActiveCfg = Debug|Any CPU
		{8577649D-F91E-475B-B549-98E0D3ADAB40}.Debug|Any CPU.Build.0 = Debug|Any CPU
		{8577649D-F91E-475B-B549-98E0D3ADAB40}.Debug|x64.ActiveCfg = Debug|Any CPU
		{8577649D-F91E-475B-B549-98E0D3ADAB40}.Debug|x64.Build.0 = Debug|Any CPU
		{8577649D-F91E-475B-B549-98E0D3ADAB40}.Debug|x86.ActiveCfg = Debug|Any CPU
		{8577649D-F91E-475B-B549-98E0D3ADAB40}.Debug|x86.Build.0 = Debug|Any CPU
		{8577649D-F91E-475B-B549-98E0D3ADAB40}.Release|Any CPU.ActiveCfg = Release|Any CPU
		{8577649D-F91E-475B-B549-98E0D3ADAB40}.Release|Any CPU.Build.0 = Release|Any CPU
		{8577649D-F91E-475B-B549-98E0D3ADAB40}.Release|x64.ActiveCfg = Release|Any CPU
		{8577649D-F91E-475B-B549-98E0D3ADAB40}.Release|x64.Build.0 = Release|Any CPU
		{8577649D-F91E-475B-B549-98E0D3ADAB40}.Release|x86.ActiveCfg = Release|Any CPU
		{8577649D-F91E-475B-B549-98E0D3ADAB40}.Release|x86.Build.0 = Release|Any CPU
		{0849EC30-A5B6-48FA-A1B3-339228C521D2}.Debug|Any CPU.ActiveCfg = Debug|Any CPU
		{0849EC30-A5B6-48FA-A1B3-339228C521D2}.Debug|Any CPU.Build.0 = Debug|Any CPU
		{0849EC30-A5B6-48FA-A1B3-339228C521D2}.Debug|x64.ActiveCfg = Debug|Any CPU
		{0849EC30-A5B6-48FA-A1B3-339228C521D2}.Debug|x64.Build.0 = Debug|Any CPU
		{0849EC30-A5B6-48FA-A1B3-339228C521D2}.Debug|x86.ActiveCfg = Debug|Any CPU
		{0849EC30-A5B6-48FA-A1B3-339228C521D2}.Debug|x86.Build.0 = Debug|Any CPU
		{0849EC30-A5B6-48FA-A1B3-339228C521D2}.Release|Any CPU.ActiveCfg = Release|Any CPU
		{0849EC30-A5B6-48FA-A1B3-339228C521D2}.Release|Any CPU.Build.0 = Release|Any CPU
		{0849EC30-A5B6-48FA-A1B3-339228C521D2}.Release|x64.ActiveCfg = Release|Any CPU
		{0849EC30-A5B6-48FA-A1B3-339228C521D2}.Release|x64.Build.0 = Release|Any CPU
		{0849EC30-A5B6-48FA-A1B3-339228C521D2}.Release|x86.ActiveCfg = Release|Any CPU
		{0849EC30-A5B6-48FA-A1B3-339228C521D2}.Release|x86.Build.0 = Release|Any CPU
		{42F3C1C1-FECE-454C-8335-D69EB993DC91}.Debug|Any CPU.ActiveCfg = Debug|Any CPU
		{42F3C1C1-FECE-454C-8335-D69EB993DC91}.Debug|Any CPU.Build.0 = Debug|Any CPU
		{42F3C1C1-FECE-454C-8335-D69EB993DC91}.Debug|x64.ActiveCfg = Debug|Any CPU
		{42F3C1C1-FECE-454C-8335-D69EB993DC91}.Debug|x64.Build.0 = Debug|Any CPU
		{42F3C1C1-FECE-454C-8335-D69EB993DC91}.Debug|x86.ActiveCfg = Debug|Any CPU
		{42F3C1C1-FECE-454C-8335-D69EB993DC91}.Debug|x86.Build.0 = Debug|Any CPU
		{42F3C1C1-FECE-454C-8335-D69EB993DC91}.Release|Any CPU.ActiveCfg = Release|Any CPU
		{42F3C1C1-FECE-454C-8335-D69EB993DC91}.Release|Any CPU.Build.0 = Release|Any CPU
		{42F3C1C1-FECE-454C-8335-D69EB993DC91}.Release|x64.ActiveCfg = Release|Any CPU
		{42F3C1C1-FECE-454C-8335-D69EB993DC91}.Release|x64.Build.0 = Release|Any CPU
		{42F3C1C1-FECE-454C-8335-D69EB993DC91}.Release|x86.ActiveCfg = Release|Any CPU
		{42F3C1C1-FECE-454C-8335-D69EB993DC91}.Release|x86.Build.0 = Release|Any CPU
		{7A5AE990-6CAD-4D40-8B20-DFFBC0ABEFE6}.Debug|Any CPU.ActiveCfg = Debug|Any CPU
		{7A5AE990-6CAD-4D40-8B20-DFFBC0ABEFE6}.Debug|Any CPU.Build.0 = Debug|Any CPU
		{7A5AE990-6CAD-4D40-8B20-DFFBC0ABEFE6}.Debug|Any CPU.Deploy.0 = Debug|Any CPU
		{7A5AE990-6CAD-4D40-8B20-DFFBC0ABEFE6}.Debug|x64.ActiveCfg = Debug|Any CPU
		{7A5AE990-6CAD-4D40-8B20-DFFBC0ABEFE6}.Debug|x64.Build.0 = Debug|Any CPU
		{7A5AE990-6CAD-4D40-8B20-DFFBC0ABEFE6}.Debug|x86.ActiveCfg = Debug|Any CPU
		{7A5AE990-6CAD-4D40-8B20-DFFBC0ABEFE6}.Debug|x86.Build.0 = Debug|Any CPU
		{7A5AE990-6CAD-4D40-8B20-DFFBC0ABEFE6}.Release|Any CPU.ActiveCfg = Release|Any CPU
		{7A5AE990-6CAD-4D40-8B20-DFFBC0ABEFE6}.Release|Any CPU.Build.0 = Release|Any CPU
		{7A5AE990-6CAD-4D40-8B20-DFFBC0ABEFE6}.Release|x64.ActiveCfg = Release|Any CPU
		{7A5AE990-6CAD-4D40-8B20-DFFBC0ABEFE6}.Release|x64.Build.0 = Release|Any CPU
		{7A5AE990-6CAD-4D40-8B20-DFFBC0ABEFE6}.Release|x86.ActiveCfg = Release|Any CPU
		{7A5AE990-6CAD-4D40-8B20-DFFBC0ABEFE6}.Release|x86.Build.0 = Release|Any CPU
	EndGlobalSection
	GlobalSection(SolutionProperties) = preSolution
		HideSolutionNode = FALSE
	EndGlobalSection
	GlobalSection(ExtensibilityGlobals) = postSolution
		SolutionGuid = {D77A37AA-26AC-4241-AA38-36E1EE401F1E}
	EndGlobalSection
EndGlobal
